{
	"name": "@podlove/button-state",
	"version": "5.3.0",
	"lockfileVersion": 1,
	"requires": true,
	"dependencies": {
		"invariant": {
			"version": "2.2.4",
			"resolved": "https://registry.npmjs.org/invariant/-/invariant-2.2.4.tgz",
			"integrity": "sha512-phJfQVBuaJM5raOpJjSfkiD6BpbCE4Ns//LaXl6wGYtUBY83nWS6Rf9tXm2e8VaK60JEjYldbPif/A2B1C2gNA==",
			"requires": {
				"loose-envify": "^1.0.0"
			}
		},
		"js-tokens": {
			"version": "4.0.0",
			"resolved": "https://registry.npmjs.org/js-tokens/-/js-tokens-4.0.0.tgz",
			"integrity": "sha512-RdJUflcE3cUzKiMqQgsCu06FPu9UdIJO0beYbPhHN4k6apgJtifcoCtT9bcxOpYBtpD2kCM6Sbzg4CausW/PKQ=="
		},
		"just-curry-it": {
			"version": "3.1.0",
			"resolved": "https://registry.npmjs.org/just-curry-it/-/just-curry-it-3.1.0.tgz",
			"integrity": "sha512-mjzgSOFzlrurlURaHVjnQodyPNvrHrf1TbQP2XU9NSqBtHQPuHZ+Eb6TAJP7ASeJN9h9K0KXoRTs8u6ouHBKvg=="
		},
		"loose-envify": {
			"version": "1.4.0",
			"resolved": "https://registry.npmjs.org/loose-envify/-/loose-envify-1.4.0.tgz",
			"integrity": "sha512-lyuxPGr/Wfhrlem2CL/UcnUc1zcqKAImBDzukY7Y5F/yQiNdko6+fRLevlw1HgMySw7f611UIY408EtxRSoK3Q==",
			"requires": {
				"js-tokens": "^3.0.0 || ^4.0.0"
			}
		},
		"reduce-reducers": {
			"version": "0.4.3",
			"resolved": "https://registry.npmjs.org/reduce-reducers/-/reduce-reducers-0.4.3.tgz",
			"integrity": "sha512-+CNMnI8QhgVMtAt54uQs3kUxC3Sybpa7Y63HR14uGLgI9/QR5ggHvpxwhGGe3wmx5V91YwqQIblN9k5lspAmGw=="
		},
		"redux-actions": {
			"version": "2.6.5",
			"resolved": "https://registry.npmjs.org/redux-actions/-/redux-actions-2.6.5.tgz",
			"integrity": "sha512-pFhEcWFTYNk7DhQgxMGnbsB1H2glqhQJRQrtPb96kD3hWiZRzXHwwmFPswg6V2MjraXRXWNmuP9P84tvdLAJmw==",
			"requires": {
				"invariant": "^2.2.4",
				"just-curry-it": "^3.1.0",
				"loose-envify": "^1.4.0",
				"reduce-reducers": "^0.4.3",
				"to-camel-case": "^1.0.0"
			}
		},
		"to-camel-case": {
			"version": "1.0.0",
			"resolved": "https://registry.npmjs.org/to-camel-case/-/to-camel-case-1.0.0.tgz",
			"integrity": "sha1-GlYFSy+daWKYzmamCJcyK29CPkY=",
			"requires": {
				"to-space-case": "^1.0.0"
			}
		},
		"to-no-case": {
			"version": "1.0.2",
			"resolved": "https://registry.npmjs.org/to-no-case/-/to-no-case-1.0.2.tgz",
			"integrity": "sha1-xyKQcWTvaxeBMsjmmTAhLRtKoWo="
		},
		"to-space-case": {
			"version": "1.0.0",
			"resolved": "https://registry.npmjs.org/to-space-case/-/to-space-case-1.0.0.tgz",
			"integrity": "sha1-sFLar7Gysp3HcM6gFj5ewOvJ/Bc=",
			"requires": {
				"to-no-case": "^1.0.0"
			}
		}
	}
}
