{
	"name": "@podlove/player",
	"version": "5.7.0",
	"lockfileVersion": 1,
	"requires": true,
	"dependencies": {
		"redux-vuex": {
			"version": "3.0.0-beta.2",
			"resolved": "https://registry.npmjs.org/redux-vuex/-/redux-vuex-3.0.0-beta.2.tgz",
			"integrity": "sha512-Ra4Wjnnb8Vt2Cqlpf3rxK1I804JRdys/2v69rTnTrJJv0OpT1D08Az0oeBSUOkBRTMUkEi/yXwgSiLjovaTqcw==",
			"requires": {
				"get-value": "3.0.1"
			},
			"dependencies": {
				"get-value": {
					"version": "3.0.1",
					"resolved": "https://registry.npmjs.org/get-value/-/get-value-3.0.1.tgz",
					"integrity": "sha512-mKZj9JLQrwMBtj5wxi6MH8Z5eSKaERpAwjg43dPtlGI1ZVEgH/qC7T8/6R2OBSUA+zzHBZgICsVJaEIV2tKTDA==",
					"requires": {
						"isobject": "^3.0.1"
					}
				},
				"isobject": {
					"version": "3.0.1",
					"resolved": "https://registry.npmjs.org/isobject/-/isobject-3.0.1.tgz",
					"integrity": "sha1-TkMekrEalzFjaqH5yNHMvP2reN8="
				}
			}
		},
		"vue": {
			"version": "3.1.5",
			"resolved": "https://registry.npmjs.org/vue/-/vue-3.1.5.tgz",
			"integrity": "sha512-Ho7HNb1nfDoO+HVb6qYZgeaobt1XbY6KXFe4HGs1b9X6RhkWG/113n4/SrtM1LUclM6OrP/Se5aPHHvAPG1iVQ==",
			"requires": {
				"@vue/compiler-dom": "3.1.5",
				"@vue/runtime-dom": "3.1.5",
				"@vue/shared": "3.1.5"
			},
			"dependencies": {
				"@babel/helper-validator-identifier": {
					"version": "7.14.9",
					"resolved": "https://registry.npmjs.org/@babel/helper-validator-identifier/-/helper-validator-identifier-7.14.9.tgz",
					"integrity": "sha512-pQYxPY0UP6IHISRitNe8bsijHex4TWZXi2HwKVsjPiltzlhse2znVcm9Ace510VT1kxIHjGJCZZQBX2gJDbo0g=="
				},
				"@babel/parser": {
					"version": "7.15.0",
					"resolved": "https://registry.npmjs.org/@babel/parser/-/parser-7.15.0.tgz",
					"integrity": "sha512-0v7oNOjr6YT9Z2RAOTv4T9aP+ubfx4Q/OhVtAet7PFDt0t9Oy6Jn+/rfC6b8HJ5zEqrQCiMxJfgtHpmIminmJQ=="
				},
				"@babel/types": {
					"version": "7.15.0",
					"resolved": "https://registry.npmjs.org/@babel/types/-/types-7.15.0.tgz",
					"integrity": "sha512-OBvfqnllOIdX4ojTHpwZbpvz4j3EWyjkZEdmjH0/cgsd6QOdSgU8rLSk6ard/pcW7rlmjdVSX/AWOaORR1uNOQ==",
					"requires": {
						"@babel/helper-validator-identifier": "^7.14.9",
						"to-fast-properties": "^2.0.0"
					}
				},
				"@vue/compiler-core": {
					"version": "3.1.5",
					"resolved": "https://registry.npmjs.org/@vue/compiler-core/-/compiler-core-3.1.5.tgz",
					"integrity": "sha512-TXBhFinoBaXKDykJzY26UEuQU1K07FOp/0Ie+OXySqqk0bS0ZO7Xvl7UmiTUPYcLrWbxWBR7Bs/y55AI0MNc2Q==",
					"requires": {
						"@babel/parser": "^7.12.0",
						"@babel/types": "^7.12.0",
						"@vue/shared": "3.1.5",
						"estree-walker": "^2.0.1",
						"source-map": "^0.6.1"
					}
				},
				"@vue/compiler-dom": {
					"version": "3.1.5",
					"resolved": "https://registry.npmjs.org/@vue/compiler-dom/-/compiler-dom-3.1.5.tgz",
					"integrity": "sha512-ZsL3jqJ52OjGU/YiT/9XiuZAmWClKInZM2aFJh9gnsAPqOrj2JIELMbkIFpVKR/CrVO/f2VxfPiiQdQTr65jcQ==",
					"requires": {
						"@vue/compiler-core": "3.1.5",
						"@vue/shared": "3.1.5"
					}
				},
				"@vue/reactivity": {
					"version": "3.1.5",
					"resolved": "https://registry.npmjs.org/@vue/reactivity/-/reactivity-3.1.5.tgz",
					"integrity": "sha512-1tdfLmNjWG6t/CsPldh+foumYFo3cpyCHgBYQ34ylaMsJ+SNHQ1kApMIa8jN+i593zQuaw3AdWH0nJTARzCFhg==",
					"requires": {
						"@vue/shared": "3.1.5"
					}
				},
				"@vue/runtime-core": {
					"version": "3.1.5",
					"resolved": "https://registry.npmjs.org/@vue/runtime-core/-/runtime-core-3.1.5.tgz",
					"integrity": "sha512-YQbG5cBktN1RowQDKA22itmvQ+b40f0WgQ6CXK4VYoYICAiAfu6Cc14777ve8zp1rJRGtk5oIeS149TOculrTg==",
					"requires": {
						"@vue/reactivity": "3.1.5",
						"@vue/shared": "3.1.5"
					}
				},
				"@vue/runtime-dom": {
					"version": "3.1.5",
					"resolved": "https://registry.npmjs.org/@vue/runtime-dom/-/runtime-dom-3.1.5.tgz",
					"integrity": "sha512-tNcf3JhVR0RfW0kw1p8xZgv30nvX8Y9rsz7eiQ0dHe273sfoCngAG0y4GvMaY4Xd8FsjUwFedd4suQ8Lu8meXg==",
					"requires": {
						"@vue/runtime-core": "3.1.5",
						"@vue/shared": "3.1.5",
						"csstype": "^2.6.8"
					}
				},
				"@vue/shared": {
					"version": "3.1.5",
					"resolved": "https://registry.npmjs.org/@vue/shared/-/shared-3.1.5.tgz",
					"integrity": "sha512-oJ4F3TnvpXaQwZJNF3ZK+kLPHKarDmJjJ6jyzVNDKH9md1dptjC7lWR//jrGuLdek/U6iltWxqAnYOu8gCiOvA=="
				},
				"csstype": {
					"version": "2.6.17",
					"resolved": "https://registry.npmjs.org/csstype/-/csstype-2.6.17.tgz",
					"integrity": "sha512-u1wmTI1jJGzCJzWndZo8mk4wnPTZd1eOIYTYvuEyOQGfmDl3TrabCCfKnOC86FZwW/9djqTl933UF/cS425i9A=="
				},
				"estree-walker": {
					"version": "2.0.2",
					"resolved": "https://registry.npmjs.org/estree-walker/-/estree-walker-2.0.2.tgz",
					"integrity": "sha512-Rfkk/Mp/DL7JVje3u18FxFujQlTNR2q6QfMSMB7AvCBx91NGj/ba3kCfza0f6dVDbw7YlRf/nDrn7pQrCCyQ/w=="
				},
				"source-map": {
					"version": "0.6.1",
					"resolved": "https://registry.npmjs.org/source-map/-/source-map-0.6.1.tgz",
					"integrity": "sha512-UjgapumWlbMhkBgzT7Ykc5YXUT46F0iKu8SGXq0bcwP5dz/h0Plj6enJqjz1Zbq2l5WaqYnrVbwWOWMyF3F47g=="
				},
				"to-fast-properties": {
					"version": "2.0.0",
					"resolved": "https://registry.npmjs.org/to-fast-properties/-/to-fast-properties-2.0.0.tgz",
					"integrity": "sha1-3F5pjL0HkmW8c+A3doGk5Og/YW4="
				}
			}
		}
	}
}
