{
	"name": "@podlove/player",
	"version": "5.7.0",
	"lockfileVersion": 1,
	"requires": true,
	"dependencies": {
		"redux-vuex": {
			"version": "3.0.0-beta.4",
			"resolved": "https://registry.npmjs.org/redux-vuex/-/redux-vuex-3.0.0-beta.4.tgz",
			"integrity": "sha512-xiHT8j/TPblftO7+UonyK0g75QVfiyz5yoxWJYeDFaj90HSLTf2BB3xuBXBWbWrf1pRm0NQPrULm3VXcrHShIg==",
			"requires": {
				"get-value": "3.0.1",
				"set-value": "3.0.1"
			},
			"dependencies": {
				"get-value": {
					"version": "3.0.1",
					"resolved": "https://registry.npmjs.org/get-value/-/get-value-3.0.1.tgz",
					"integrity": "sha512-mKZj9JLQrwMBtj5wxi6MH8Z5eSKaERpAwjg43dPtlGI1ZVEgH/qC7T8/6R2OBSUA+zzHBZgICsVJaEIV2tKTDA==",
					"requires": {
						"isobject": "^3.0.1"
					}
				},
				"is-plain-object": {
					"version": "2.0.4",
					"resolved": "https://registry.npmjs.org/is-plain-object/-/is-plain-object-2.0.4.tgz",
					"integrity": "sha512-h5PpgXkWitc38BBMYawTYMWJHFZJVnBquFE57xFpjB8pJFiF6gZ+bU+WyI/yqXiFR5mdLsgYNaPe8uao6Uv9Og==",
					"requires": {
						"isobject": "^3.0.1"
					}
				},
				"isobject": {
					"version": "3.0.1",
					"resolved": "https://registry.npmjs.org/isobject/-/isobject-3.0.1.tgz",
					"integrity": "sha1-TkMekrEalzFjaqH5yNHMvP2reN8="
				},
				"set-value": {
					"version": "3.0.1",
					"resolved": "https://registry.npmjs.org/set-value/-/set-value-3.0.1.tgz",
					"integrity": "sha512-w6n3GUPYAWQj4ZyHWzD7K2FnFXHx9OTwJYbWg+6nXjG8sCLfs9DGv+KlqglKIIJx+ks7MlFuwFW2RBPb+8V+xg==",
					"requires": {
						"is-plain-object": "^2.0.4"
					}
				}
			}
		},
		"v-tooltip": {
			"version": "4.0.0-alpha.1",
			"resolved": "https://registry.npmjs.org/v-tooltip/-/v-tooltip-4.0.0-alpha.1.tgz",
			"integrity": "sha512-TTNLJ/IVyoburxW0M3gxHhRb+d18xbozI5c0q2LCqIw4YUZzLKCG0ufx72d+j/1Xkqam9kDNHZChZq4KfsVpvw==",
			"requires": {
				"@popperjs/core": "^2.6.0",
				"vue-resize": "^2.0.0-alpha.1"
			},
			"dependencies": {
				"@popperjs/core": {
					"version": "2.9.3",
					"resolved": "https://registry.npmjs.org/@popperjs/core/-/core-2.9.3.tgz",
					"integrity": "sha512-xDu17cEfh7Kid/d95kB6tZsLOmSWKCZKtprnhVepjsSaCij+lM3mItSJDuuHDMbCWTh8Ejmebwb+KONcCJ0eXQ=="
				},
				"vue-resize": {
					"version": "2.0.0-alpha.1",
					"resolved": "https://registry.npmjs.org/vue-resize/-/vue-resize-2.0.0-alpha.1.tgz",
					"integrity": "sha512-7+iqOueLU7uc9NrMfrzbG8hwMqchfVfSzpVlCMeJQe4pyibqyoifDNbKTZvwxZKDvGkB+PdFeKvnGZMoEb8esg=="
				}
			}
		}
	}
}
