{
	"name": "@podlove/player",
	"version": "5.7.0",
	"lockfileVersion": 1,
	"requires": true,
	"dependencies": {
		"redux-vuex": {
			"version": "3.0.0-beta.2",
			"resolved": "https://registry.npmjs.org/redux-vuex/-/redux-vuex-3.0.0-beta.2.tgz",
			"integrity": "sha512-Ra4Wjnnb8Vt2Cqlpf3rxK1I804JRdys/2v69rTnTrJJv0OpT1D08Az0oeBSUOkBRTMUkEi/yXwgSiLjovaTqcw==",
			"requires": {
				"get-value": "3.0.1"
			},
			"dependencies": {
				"get-value": {
					"version": "3.0.1",
					"resolved": "https://registry.npmjs.org/get-value/-/get-value-3.0.1.tgz",
					"integrity": "sha512-mKZj9JLQrwMBtj5wxi6MH8Z5eSKaERpAwjg43dPtlGI1ZVEgH/qC7T8/6R2OBSUA+zzHBZgICsVJaEIV2tKTDA==",
					"requires": {
						"isobject": "^3.0.1"
					}
				},
				"isobject": {
					"version": "3.0.1",
					"resolved": "https://registry.npmjs.org/isobject/-/isobject-3.0.1.tgz",
					"integrity": "sha1-TkMekrEalzFjaqH5yNHMvP2reN8="
				}
			}
		},
		"vue-i18n": {
			"version": "9.0.0-beta.16",
			"resolved": "https://registry.npmjs.org/vue-i18n/-/vue-i18n-9.0.0-beta.16.tgz",
			"integrity": "sha512-c4fNa/cTwkuv/vYvjP1xZNNQFRV8g+nNFy6NmeA2NT52SXTI3WqVKxQ8aVn9MH4YtRD4BYDX5NfkDfHZrTvUzA==",
			"requires": {
				"@intlify/core-base": "9.0.0-beta.16",
				"@intlify/shared": "9.0.0-beta.16",
				"@vue/devtools-api": "^6.0.0-beta.2"
			},
			"dependencies": {
				"@intlify/core-base": {
					"version": "9.0.0-beta.16",
					"resolved": "https://registry.npmjs.org/@intlify/core-base/-/core-base-9.0.0-beta.16.tgz",
					"integrity": "sha512-PJLDVYy3x8Mf9+XtWljEfk4Lo6mudopYlRvB89NQR3TkR+Tqkbcsegj09XdXpTKBYiq+yQrlZKZ0KEHb7l5Zuw==",
					"requires": {
						"@intlify/message-compiler": "9.0.0-beta.16",
						"@intlify/message-resolver": "9.0.0-beta.16",
						"@intlify/runtime": "9.0.0-beta.16",
						"@intlify/shared": "9.0.0-beta.16"
					}
				},
				"@intlify/message-compiler": {
					"version": "9.0.0-beta.16",
					"resolved": "https://registry.npmjs.org/@intlify/message-compiler/-/message-compiler-9.0.0-beta.16.tgz",
					"integrity": "sha512-dE4UZsbVl5TKogYdfrJ6nQKdin1R4XMKVBVa9dE1A8HVvVHBSLy6iQiYpcw8TwcEHIa+rFjuuHuh+IdN3eCw+g==",
					"requires": {
						"@intlify/message-resolver": "9.0.0-beta.16",
						"@intlify/shared": "9.0.0-beta.16",
						"source-map": "0.6.1"
					}
				},
				"@intlify/message-resolver": {
					"version": "9.0.0-beta.16",
					"resolved": "https://registry.npmjs.org/@intlify/message-resolver/-/message-resolver-9.0.0-beta.16.tgz",
					"integrity": "sha512-xwjsFuDDYEv7g1KE5QZRbrPgfsrNsDhYLtNYR7Tn4inzbmB6ipak2UlDzDcQGLieSFbe1WwAoNL0IXy4sUKboQ=="
				},
				"@intlify/runtime": {
					"version": "9.0.0-beta.16",
					"resolved": "https://registry.npmjs.org/@intlify/runtime/-/runtime-9.0.0-beta.16.tgz",
					"integrity": "sha512-py+stHrbkBoEB2OsBB+rySevR+54uhybF54LToGjErr740R/AVuOVTJEKRS/LF9VvinGZZTu/WVOXcPpMfqt8Q==",
					"requires": {
						"@intlify/message-compiler": "9.0.0-beta.16",
						"@intlify/message-resolver": "9.0.0-beta.16",
						"@intlify/shared": "9.0.0-beta.16"
					}
				},
				"@intlify/shared": {
					"version": "9.0.0-beta.16",
					"resolved": "https://registry.npmjs.org/@intlify/shared/-/shared-9.0.0-beta.16.tgz",
					"integrity": "sha512-A7GSOovcZn/NMoAmDc8FG9uRcFv6iygriK8+C6HFeOnMQ9X+T9f5A9bPtXhCOCiRpQm9SUtGqXedxO5Y8rz9/A=="
				},
				"@vue/devtools-api": {
					"version": "6.0.0-beta.3",
					"resolved": "https://registry.npmjs.org/@vue/devtools-api/-/devtools-api-6.0.0-beta.3.tgz",
					"integrity": "sha512-iJQhVyWzWIJxYIMjbZpljZQfU4gL2IMD5YQm3HXO8tQRU7RqqnD3f1WHn+vrqvrSvM8Qw2BeNugwdBBmbK8Oxg=="
				},
				"source-map": {
					"version": "0.6.1",
					"resolved": "https://registry.npmjs.org/source-map/-/source-map-0.6.1.tgz",
					"integrity": "sha512-UjgapumWlbMhkBgzT7Ykc5YXUT46F0iKu8SGXq0bcwP5dz/h0Plj6enJqjz1Zbq2l5WaqYnrVbwWOWMyF3F47g=="
				}
			}
		}
	}
}
