{
  "lockfile_version": "1",
  "packages": {
    "nodePackages.pnpm@8": {
      "last_modified": "2023-11-02T13:29:18Z",
      "resolved": "github:NixOS/nixpkgs/b644d97bda6dae837d577e28383c10aa51e5e2d2#nodePackages.pnpm",
      "source": "devbox-search",
      "version": "8.10.2",
      "systems": {
        "aarch64-linux": {
          "store_path": "/nix/store/n7ml2bssqq1rdlzbz8bgp4bgc2a8z2wd-pnpm-8.10.2"
        },
        "x86_64-linux": {
          "store_path": "/nix/store/fxgnndi9lyb8py91mg0hdq9wy0giqbfk-pnpm-8.10.2"
        }
      }
    },
    "nodejs@22": {
      "last_modified": "2024-09-10T15:01:03Z",
      "plugin_version": "0.0.2",
      "resolved": "github:NixOS/nixpkgs/5ed627539ac84809c78b2dd6d26a5cebeb5ae269#nodejs_22",
      "source": "devbox-search",
      "version": "22.8.0",
      "systems": {
        "aarch64-darwin": {
          "outputs": [
            {
              "name": "out",
              "path": "/nix/store/4r8kqr24z88m1xjbb1qf19p1mi6q35lp-nodejs-22.8.0",
              "default": true
            },
            {
              "name": "libv8",
              "path": "/nix/store/rqpibvqcpjxx26ls9kmdq1fr5yckss9l-nodejs-22.8.0-libv8"
            }
          ],
          "store_path": "/nix/store/4r8kqr24z88m1xjbb1qf19p1mi6q35lp-nodejs-22.8.0"
        },
        "aarch64-linux": {
          "outputs": [
            {
              "name": "out",
              "path": "/nix/store/1wzl2brm8p6sb5b3wsdnn02m56cq36d4-nodejs-22.8.0",
              "default": true
            },
            {
              "name": "libv8",
              "path": "/nix/store/4dwa28gc3w0gr672pcf3j4lfncymdqjf-nodejs-22.8.0-libv8"
            }
          ],
          "store_path": "/nix/store/1wzl2brm8p6sb5b3wsdnn02m56cq36d4-nodejs-22.8.0"
        },
        "x86_64-darwin": {
          "outputs": [
            {
              "name": "out",
              "path": "/nix/store/mcdq9d48r8c2j29zgr7i80vnjzwh2lc3-nodejs-22.8.0",
              "default": true
            },
            {
              "name": "libv8",
              "path": "/nix/store/16kfmgbsspjg1kpdvf9np5v2h371dh40-nodejs-22.8.0-libv8"
            }
          ],
          "store_path": "/nix/store/mcdq9d48r8c2j29zgr7i80vnjzwh2lc3-nodejs-22.8.0"
        },
        "x86_64-linux": {
          "outputs": [
            {
              "name": "out",
              "path": "/nix/store/xsrv93rg8vi05k9ig6v9mcvcyn01n6n2-nodejs-22.8.0",
              "default": true
            },
            {
              "name": "libv8",
              "path": "/nix/store/gp8fkyafy0anm5pgdcq2x3qs2fm8syhl-nodejs-22.8.0-libv8"
            }
          ],
          "store_path": "/nix/store/xsrv93rg8vi05k9ig6v9mcvcyn01n6n2-nodejs-22.8.0"
        }
      }
    }
  }
}
