{
  "lockfile_version": "1",
  "packages": {
    "nodePackages.pnpm@8": {
      "last_modified": "2023-11-02T13:29:18Z",
      "resolved": "github:NixOS/nixpkgs/b644d97bda6dae837d577e28383c10aa51e5e2d2#nodePackages.pnpm",
      "source": "devbox-search",
      "version": "8.10.2",
      "systems": {
        "aarch64-linux": {
          "store_path": "/nix/store/n7ml2bssqq1rdlzbz8bgp4bgc2a8z2wd-pnpm-8.10.2"
        },
        "x86_64-linux": {
          "store_path": "/nix/store/fxgnndi9lyb8py91mg0hdq9wy0giqbfk-pnpm-8.10.2"
        }
      }
    },
    "nodejs@20.5.1": {
      "last_modified": "2023-09-06T20:35:33Z",
      "plugin_version": "0.0.2",
      "resolved": "github:NixOS/nixpkgs/efd23a1c9ae8c574e2ca923c2b2dc336797f4cc4#nodejs_20",
      "source": "devbox-search",
      "version": "20.5.1",
      "systems": {
        "aarch64-darwin": {
          "store_path": "/nix/store/zkq4wlwz83gg6ad32pip8kbqmfh26hsj-nodejs-20.5.1"
        },
        "aarch64-linux": {
          "store_path": "/nix/store/7llknbk7n5076lmx2mia7v0wxx1maaik-nodejs-20.5.1"
        },
        "x86_64-darwin": {
          "store_path": "/nix/store/zzgyzjsj7xwykv4rmywpmkg8yz6zdppw-nodejs-20.5.1"
        },
        "x86_64-linux": {
          "store_path": "/nix/store/cdmfy10nxyzzd7z60csax1bagy7h6c5g-nodejs-20.5.1"
        }
      }
    }
  }
}
