{
	"name": "@podlove/docs-web-player",
	"version": "5.0.0",
	"lockfileVersion": 1,
	"requires": true,
	"dependencies": {
		"core-js": {
			"version": "2.6.10",
			"resolved": "https://registry.npmjs.org/core-js/-/core-js-2.6.10.tgz",
			"integrity": "sha512-I39t74+4t+zau64EN1fE5v2W31Adtc/REhzWN+gWRRXg6WH5qAsZm62DHpQ1+Yhe4047T55jvzz7MUqF/dBBlA==",
			"dev": true
		}
	}
}
