{
	"name": "@podlove/components",
	"version": "4.2.3",
	"lockfileVersion": 1,
	"requires": true,
	"dependencies": {
		"mobile-detect": {
			"version": "1.4.3",
			"resolved": "https://registry.npmjs.org/mobile-detect/-/mobile-detect-1.4.3.tgz",
			"integrity": "sha512-UaahPNLllQsstHOEHAmVnTHCMQrAS9eL5Qgdi50QrYz6UgGk+Xziz2udz2GN6NYcyODcPLnasC7a7s6R2DjiaQ=="
		}
	}
}
