# THIS IS AN AUTOGENERATED FILE. DO NOT EDIT THIS FILE DIRECTLY.
# yarn lockfile v1


detect-browser@^3.0.1:
  version "3.0.1"
  resolved "https://registry.yarnpkg.com/detect-browser/-/detect-browser-3.0.1.tgz#39beead014347a8a2be1f3c4cb30a0aef2127c44"

lodash@^4.17.11:
  version "4.17.11"
  resolved "https://registry.yarnpkg.com/lodash/-/lodash-4.17.11.tgz#b39ea6229ef607ecd89e2c8df12536891cac9b8d"

mobile-detect@^1.4.3:
  version "1.4.3"
  resolved "https://registry.yarnpkg.com/mobile-detect/-/mobile-detect-1.4.3.tgz#e436a3839f5807dd4d3cd4e081f7d3a51ffda2dd"

redux-saga@^0.16.2:
  version "0.16.2"
  resolved "https://registry.yarnpkg.com/redux-saga/-/redux-saga-0.16.2.tgz#993662e86bc945d8509ac2b8daba3a8c615cc971"
